// !$*UTF8*$!
{
	archiveVersion = 1;
	classes = {
	};
	objectVersion = 51;
	objects = {

/* Begin PBXBuildFile section */
		A3F7D9D46ADA62F5D5BCDF4D /* Pods_FlickrClient.framework in Frameworks */ = {isa = PBXBuildFile; fileRef = 9766D8968F45F3AFE4FC056D /* Pods_FlickrClient.framework */; };
		B753CF782642F15F0057F0F1 /* AppDelegate.swift in Sources */ = {isa = PBXBuildFile; fileRef = B753CF772642F15F0057F0F1 /* AppDelegate.swift */; };
		B753CF7A2642F15F0057F0F1 /* SceneDelegate.swift in Sources */ = {isa = PBXBuildFile; fileRef = B753CF792642F15F0057F0F1 /* SceneDelegate.swift */; };
		B753CF7F2642F15F0057F0F1 /* Main.storyboard in Resources */ = {isa = PBXBuildFile; fileRef = B753CF7D2642F15F0057F0F1 /* Main.storyboard */; };
		B753CF812642F1630057F0F1 /* Assets.xcassets in Resources */ = {isa = PBXBuildFile; fileRef = B753CF802642F1630057F0F1 /* Assets.xcassets */; };
		B753CF842642F1630057F0F1 /* LaunchScreen.storyboard in Resources */ = {isa = PBXBuildFile; fileRef = B753CF822642F1630057F0F1 /* LaunchScreen.storyboard */; };
		B753CFAA264305CC0057F0F1 /* NearbyPhotosCollectionViewController.swift in Sources */ = {isa = PBXBuildFile; fileRef = B753CFA9264305CC0057F0F1 /* NearbyPhotosCollectionViewController.swift */; };
		B753CFAD264305F20057F0F1 /* PhotoSearchViewController.swift in Sources */ = {isa = PBXBuildFile; fileRef = B753CFAC264305F20057F0F1 /* PhotoSearchViewController.swift */; };
		B753CFB0264307420057F0F1 /* DetailViewController.swift in Sources */ = {isa = PBXBuildFile; fileRef = B753CFAF264307420057F0F1 /* DetailViewController.swift */; };
		B753CFB3264308940057F0F1 /* Photo.swift in Sources */ = {isa = PBXBuildFile; fileRef = B753CFB2264308940057F0F1 /* Photo.swift */; };
		B753CFB62643175E0057F0F1 /* QueryService.swift in Sources */ = {isa = PBXBuildFile; fileRef = B753CFB52643175E0057F0F1 /* QueryService.swift */; };
/* End PBXBuildFile section */

/* Begin PBXFileReference section */
		0CB28A33B9ABCBDC700F1F35 /* Pods-FlickrClient.debug.xcconfig */ = {isa = PBXFileReference; includeInIndex = 1; lastKnownFileType = text.xcconfig; name = "Pods-FlickrClient.debug.xcconfig"; path = "Target Support Files/Pods-FlickrClient/Pods-FlickrClient.debug.xcconfig"; sourceTree = "<group>"; };
		9766D8968F45F3AFE4FC056D /* Pods_FlickrClient.framework */ = {isa = PBXFileReference; explicitFileType = wrapper.framework; includeInIndex = 0; path = Pods_FlickrClient.framework; sourceTree = BUILT_PRODUCTS_DIR; };
		B753CF742642F15F0057F0F1 /* FlickrClient.app */ = {isa = PBXFileReference; explicitFileType = wrapper.application; includeInIndex = 0; path = FlickrClient.app; sourceTree = BUILT_PRODUCTS_DIR; };
		B753CF772642F15F0057F0F1 /* AppDelegate.swift */ = {isa = PBXFileReference; lastKnownFileType = sourcecode.swift; path = AppDelegate.swift; sourceTree = "<group>"; };
		B753CF792642F15F0057F0F1 /* SceneDelegate.swift */ = {isa = PBXFileReference; lastKnownFileType = sourcecode.swift; path = SceneDelegate.swift; sourceTree = "<group>"; };
		B753CF7E2642F15F0057F0F1 /* Base */ = {isa = PBXFileReference; lastKnownFileType = file.storyboard; name = Base; path = Base.lproj/Main.storyboard; sourceTree = "<group>"; };
		B753CF802642F1630057F0F1 /* Assets.xcassets */ = {isa = PBXFileReference; lastKnownFileType = folder.assetcatalog; path = Assets.xcassets; sourceTree = "<group>"; };
		B753CF832642F1630057F0F1 /* Base */ = {isa = PBXFileReference; lastKnownFileType = file.storyboard; name = Base; path = Base.lproj/LaunchScreen.storyboard; sourceTree = "<group>"; };
		B753CF852642F1630057F0F1 /* Info.plist */ = {isa = PBXFileReference; lastKnownFileType = text.plist.xml; path = Info.plist; sourceTree = "<group>"; };
		B753CFA9264305CC0057F0F1 /* NearbyPhotosCollectionViewController.swift */ = {isa = PBXFileReference; lastKnownFileType = sourcecode.swift; path = NearbyPhotosCollectionViewController.swift; sourceTree = "<group>"; };
		B753CFAC264305F20057F0F1 /* PhotoSearchViewController.swift */ = {isa = PBXFileReference; lastKnownFileType = sourcecode.swift; path = PhotoSearchViewController.swift; sourceTree = "<group>"; };
		B753CFAF264307420057F0F1 /* DetailViewController.swift */ = {isa = PBXFileReference; lastKnownFileType = sourcecode.swift; path = DetailViewController.swift; sourceTree = "<group>"; };
		B753CFB2264308940057F0F1 /* Photo.swift */ = {isa = PBXFileReference; lastKnownFileType = sourcecode.swift; path = Photo.swift; sourceTree = "<group>"; };
		B753CFB52643175E0057F0F1 /* QueryService.swift */ = {isa = PBXFileReference; lastKnownFileType = sourcecode.swift; path = QueryService.swift; sourceTree = "<group>"; };
		DCAB05EB21572A5C958CF47F /* Pods-FlickrClient.release.xcconfig */ = {isa = PBXFileReference; includeInIndex = 1; lastKnownFileType = text.xcconfig; name = "Pods-FlickrClient.release.xcconfig"; path = "Target Support Files/Pods-FlickrClient/Pods-FlickrClient.release.xcconfig"; sourceTree = "<group>"; };
/* End PBXFileReference section */

/* Begin PBXFrameworksBuildPhase section */
		B753CF712642F15F0057F0F1 /* Frameworks */ = {
			isa = PBXFrameworksBuildPhase;
			buildActionMask = 2147483647;
			files = (
				A3F7D9D46ADA62F5D5BCDF4D /* Pods_FlickrClient.framework in Frameworks */,
			);
			runOnlyForDeploymentPostprocessing = 0;
		};
/* End PBXFrameworksBuildPhase section */

/* Begin PBXGroup section */
		2AEA0A99F47DCDB9B52DF4F9 /* Pods */ = {
			isa = PBXGroup;
			children = (
				0CB28A33B9ABCBDC700F1F35 /* Pods-FlickrClient.debug.xcconfig */,
				DCAB05EB21572A5C958CF47F /* Pods-FlickrClient.release.xcconfig */,
			);
			path = Pods;
			sourceTree = "<group>";
		};
		B753CF6B2642F15F0057F0F1 = {
			isa = PBXGroup;
			children = (
				B753CF762642F15F0057F0F1 /* FlickrClient */,
				B753CF752642F15F0057F0F1 /* Products */,
				2AEA0A99F47DCDB9B52DF4F9 /* Pods */,
				C338D5D07795CB03FDE6C021 /* Frameworks */,
			);
			sourceTree = "<group>";
		};
		B753CF752642F15F0057F0F1 /* Products */ = {
			isa = PBXGroup;
			children = (
				B753CF742642F15F0057F0F1 /* FlickrClient.app */,
			);
			name = Products;
			sourceTree = "<group>";
		};
		B753CF762642F15F0057F0F1 /* FlickrClient */ = {
			isa = PBXGroup;
			children = (
				B753CF93264300490057F0F1 /* Supporting Files */,
				B753CF92264300270057F0F1 /* Networking */,
				B753CF91264300100057F0F1 /* Resources */,
				B753CF90264300030057F0F1 /* Controllers */,
				B753CF8F2642FFBE0057F0F1 /* View */,
				B753CF8E2642FFB80057F0F1 /* Model */,
			);
			path = FlickrClient;
			sourceTree = "<group>";
		};
		B753CF8E2642FFB80057F0F1 /* Model */ = {
			isa = PBXGroup;
			children = (
				B753CFB2264308940057F0F1 /* Photo.swift */,
			);
			path = Model;
			sourceTree = "<group>";
		};
		B753CF8F2642FFBE0057F0F1 /* View */ = {
			isa = PBXGroup;
			children = (
				B753CF7D2642F15F0057F0F1 /* Main.storyboard */,
				B753CF822642F1630057F0F1 /* LaunchScreen.storyboard */,
			);
			path = View;
			sourceTree = "<group>";
		};
		B753CF90264300030057F0F1 /* Controllers */ = {
			isa = PBXGroup;
			children = (
				B753CFA9264305CC0057F0F1 /* NearbyPhotosCollectionViewController.swift */,
				B753CFAC264305F20057F0F1 /* PhotoSearchViewController.swift */,
				B753CFAF264307420057F0F1 /* DetailViewController.swift */,
			);
			path = Controllers;
			sourceTree = "<group>";
		};
		B753CF91264300100057F0F1 /* Resources */ = {
			isa = PBXGroup;
			children = (
				B753CF802642F1630057F0F1 /* Assets.xcassets */,
			);
			path = Resources;
			sourceTree = "<group>";
		};
		B753CF92264300270057F0F1 /* Networking */ = {
			isa = PBXGroup;
			children = (
				B753CFB52643175E0057F0F1 /* QueryService.swift */,
			);
			path = Networking;
			sourceTree = "<group>";
		};
		B753CF93264300490057F0F1 /* Supporting Files */ = {
			isa = PBXGroup;
			children = (
				B753CF772642F15F0057F0F1 /* AppDelegate.swift */,
				B753CF792642F15F0057F0F1 /* SceneDelegate.swift */,
				B753CF852642F1630057F0F1 /* Info.plist */,
			);
			path = "Supporting Files";
			sourceTree = "<group>";
		};
		C338D5D07795CB03FDE6C021 /* Frameworks */ = {
			isa = PBXGroup;
			children = (
				9766D8968F45F3AFE4FC056D /* Pods_FlickrClient.framework */,
			);
			name = Frameworks;
			sourceTree = "<group>";
		};
/* End PBXGroup section */

/* Begin PBXNativeTarget section */
		B753CF732642F15F0057F0F1 /* FlickrClient */ = {
			isa = PBXNativeTarget;
			buildConfigurationList = B753CF882642F1630057F0F1 /* Build configuration list for PBXNativeTarget "FlickrClient" */;
			buildPhases = (
				AA90BFF6C6D8FF6D70900A15 /* [CP] Check Pods Manifest.lock */,
				B753CF702642F15F0057F0F1 /* Sources */,
				B753CF712642F15F0057F0F1 /* Frameworks */,
				B753CF722642F15F0057F0F1 /* Resources */,
				A4444B4AEBE271FD2C188CF1 /* [CP] Embed Pods Frameworks */,
			);
			buildRules = (
			);
			dependencies = (
			);
			name = FlickrClient;
			productName = FlickrClient;
			productReference = B753CF742642F15F0057F0F1 /* FlickrClient.app */;
			productType = "com.apple.product-type.application";
		};
/* End PBXNativeTarget section */

/* Begin PBXProject section */
		B753CF6C2642F15F0057F0F1 /* Project object */ = {
			isa = PBXProject;
			attributes = {
				LastSwiftUpdateCheck = 1240;
				LastUpgradeCheck = 1240;
				TargetAttributes = {
					B753CF732642F15F0057F0F1 = {
						CreatedOnToolsVersion = 12.4;
					};
				};
			};
			buildConfigurationList = B753CF6F2642F15F0057F0F1 /* Build configuration list for PBXProject "FlickrClient" */;
			compatibilityVersion = "Xcode 9.3";
			developmentRegion = en;
			hasScannedForEncodings = 0;
			knownRegions = (
				en,
				Base,
			);
			mainGroup = B753CF6B2642F15F0057F0F1;
			productRefGroup = B753CF752642F15F0057F0F1 /* Products */;
			projectDirPath = "";
			projectRoot = "";
			targets = (
				B753CF732642F15F0057F0F1 /* FlickrClient */,
			);
		};
/* End PBXProject section */

/* Begin PBXResourcesBuildPhase section */
		B753CF722642F15F0057F0F1 /* Resources */ = {
			isa = PBXResourcesBuildPhase;
			buildActionMask = 2147483647;
			files = (
				B753CF842642F1630057F0F1 /* LaunchScreen.storyboard in Resources */,
				B753CF812642F1630057F0F1 /* Assets.xcassets in Resources */,
				B753CF7F2642F15F0057F0F1 /* Main.storyboard in Resources */,
			);
			runOnlyForDeploymentPostprocessing = 0;
		};
/* End PBXResourcesBuildPhase section */

/* Begin PBXShellScriptBuildPhase section */
		A4444B4AEBE271FD2C188CF1 /* [CP] Embed Pods Frameworks */ = {
			isa = PBXShellScriptBuildPhase;
			buildActionMask = 2147483647;
			files = (
			);
			inputFileListPaths = (
				"${PODS_ROOT}/Target Support Files/Pods-FlickrClient/Pods-FlickrClient-frameworks-${CONFIGURATION}-input-files.xcfilelist",
			);
			name = "[CP] Embed Pods Frameworks";
			outputFileListPaths = (
				"${PODS_ROOT}/Target Support Files/Pods-FlickrClient/Pods-FlickrClient-frameworks-${CONFIGURATION}-output-files.xcfilelist",
			);
			runOnlyForDeploymentPostprocessing = 0;
			shellPath = /bin/sh;
			shellScript = "\"${PODS_ROOT}/Target Support Files/Pods-FlickrClient/Pods-FlickrClient-frameworks.sh\"\n";
			showEnvVarsInLog = 0;
		};
		AA90BFF6C6D8FF6D70900A15 /* [CP] Check Pods Manifest.lock */ = {
			isa = PBXShellScriptBuildPhase;
			buildActionMask = 2147483647;
			files = (
			);
			inputFileListPaths = (
			);
			inputPaths = (
				"${PODS_PODFILE_DIR_PATH}/Podfile.lock",
				"${PODS_ROOT}/Manifest.lock",
			);
			name = "[CP] Check Pods Manifest.lock";
			outputFileListPaths = (
			);
			outputPaths = (
				"$(DERIVED_FILE_DIR)/Pods-FlickrClient-checkManifestLockResult.txt",
			);
			runOnlyForDeploymentPostprocessing = 0;
			shellPath = /bin/sh;
			shellScript = "diff \"${PODS_PODFILE_DIR_PATH}/Podfile.lock\" \"${PODS_ROOT}/Manifest.lock\" > /dev/null\nif [ $? != 0 ] ; then\n    # print error to STDERR\n    echo \"error: The sandbox is not in sync with the Podfile.lock. Run 'pod install' or update your CocoaPods installation.\" >&2\n    exit 1\nfi\n# This output is used by Xcode 'outputs' to avoid re-running this script phase.\necho \"SUCCESS\" > \"${SCRIPT_OUTPUT_FILE_0}\"\n";
			showEnvVarsInLog = 0;
		};
/* End PBXShellScriptBuildPhase section */

/* Begin PBXSourcesBuildPhase section */
		B753CF702642F15F0057F0F1 /* Sources */ = {
			isa = PBXSourcesBuildPhase;
			buildActionMask = 2147483647;
			files = (
				B753CFB3264308940057F0F1 /* Photo.swift in Sources */,
				B753CF782642F15F0057F0F1 /* AppDelegate.swift in Sources */,
				B753CFAD264305F20057F0F1 /* PhotoSearchViewController.swift in Sources */,
				B753CFB0264307420057F0F1 /* DetailViewController.swift in Sources */,
				B753CFB62643175E0057F0F1 /* QueryService.swift in Sources */,
				B753CF7A2642F15F0057F0F1 /* SceneDelegate.swift in Sources */,
				B753CFAA264305CC0057F0F1 /* NearbyPhotosCollectionViewController.swift in Sources */,
			);
			runOnlyForDeploymentPostprocessing = 0;
		};
/* End PBXSourcesBuildPhase section */

/* Begin PBXVariantGroup section */
		B753CF7D2642F15F0057F0F1 /* Main.storyboard */ = {
			isa = PBXVariantGroup;
			children = (
				B753CF7E2642F15F0057F0F1 /* Base */,
			);
			name = Main.storyboard;
			sourceTree = "<group>";
		};
		B753CF822642F1630057F0F1 /* LaunchScreen.storyboard */ = {
			isa = PBXVariantGroup;
			children = (
				B753CF832642F1630057F0F1 /* Base */,
			);
			name = LaunchScreen.storyboard;
			sourceTree = "<group>";
		};
/* End PBXVariantGroup section */

/* Begin XCBuildConfiguration section */
		B753CF862642F1630057F0F1 /* Debug */ = {
			isa = XCBuildConfiguration;
			buildSettings = {
				ALWAYS_SEARCH_USER_PATHS = NO;
				CLANG_ANALYZER_NONNULL = YES;
				CLANG_ANALYZER_NUMBER_OBJECT_CONVERSION = YES_AGGRESSIVE;
				CLANG_CXX_LANGUAGE_STANDARD = "gnu++14";
				CLANG_CXX_LIBRARY = "libc++";
				CLANG_ENABLE_MODULES = YES;
				CLANG_ENABLE_OBJC_ARC = YES;
				CLANG_ENABLE_OBJC_WEAK = YES;
				CLANG_WARN_BLOCK_CAPTURE_AUTORELEASING = YES;
				CLANG_WARN_BOOL_CONVERSION = YES;
				CLANG_WARN_COMMA = YES;
				CLANG_WARN_CONSTANT_CONVERSION = YES;
				CLANG_WARN_DEPRECATED_OBJC_IMPLEMENTATIONS = YES;
				CLANG_WARN_DIRECT_OBJC_ISA_USAGE = YES_ERROR;
				CLANG_WARN_DOCUMENTATION_COMMENTS = YES;
				CLANG_WARN_EMPTY_BODY = YES;
				CLANG_WARN_ENUM_CONVERSION = YES;
				CLANG_WARN_INFINITE_RECURSION = YES;
				CLANG_WARN_INT_CONVERSION = YES;
				CLANG_WARN_NON_LITERAL_NULL_CONVERSION = YES;
				CLANG_WARN_OBJC_IMPLICIT_RETAIN_SELF = YES;
				CLANG_WARN_OBJC_LITERAL_CONVERSION = YES;
				CLANG_WARN_OBJC_ROOT_CLASS = YES_ERROR;
				CLANG_WARN_QUOTED_INCLUDE_IN_FRAMEWORK_HEADER = YES;
				CLANG_WARN_RANGE_LOOP_ANALYSIS = YES;
				CLANG_WARN_STRICT_PROTOTYPES = YES;
				CLANG_WARN_SUSPICIOUS_MOVE = YES;
				CLANG_WARN_UNGUARDED_AVAILABILITY = YES_AGGRESSIVE;
				CLANG_WARN_UNREACHABLE_CODE = YES;
				CLANG_WARN__DUPLICATE_METHOD_MATCH = YES;
				COPY_PHASE_STRIP = NO;
				DEBUG_INFORMATION_FORMAT = dwarf;
				ENABLE_STRICT_OBJC_MSGSEND = YES;
				ENABLE_TESTABILITY = YES;
				GCC_C_LANGUAGE_STANDARD = gnu11;
				GCC_DYNAMIC_NO_PIC = NO;
				GCC_NO_COMMON_BLOCKS = YES;
				GCC_OPTIMIZATION_LEVEL = 0;
				GCC_PREPROCESSOR_DEFINITIONS = (
					"DEBUG=1",
					"$(inherited)",
				);
				GCC_WARN_64_TO_32_BIT_CONVERSION = YES;
				GCC_WARN_ABOUT_RETURN_TYPE = YES_ERROR;
				GCC_WARN_UNDECLARED_SELECTOR = YES;
				GCC_WARN_UNINITIALIZED_AUTOS = YES_AGGRESSIVE;
				GCC_WARN_UNUSED_FUNCTION = YES;
				GCC_WARN_UNUSED_VARIABLE = YES;
				IPHONEOS_DEPLOYMENT_TARGET = 14.4;
				MTL_ENABLE_DEBUG_INFO = INCLUDE_SOURCE;
				MTL_FAST_MATH = YES;
				ONLY_ACTIVE_ARCH = YES;
				SDKROOT = iphoneos;
				SWIFT_ACTIVE_COMPILATION_CONDITIONS = DEBUG;
				SWIFT_OPTIMIZATION_LEVEL = "-Onone";
			};
			name = Debug;
		};
		B753CF872642F1630057F0F1 /* Release */ = {
			isa = XCBuildConfiguration;
			buildSettings = {
				ALWAYS_SEARCH_USER_PATHS = NO;
				CLANG_ANALYZER_NONNULL = YES;
				CLANG_ANALYZER_NUMBER_OBJECT_CONVERSION = YES_AGGRESSIVE;
				CLANG_CXX_LANGUAGE_STANDARD = "gnu++14";
				CLANG_CXX_LIBRARY = "libc++";
				CLANG_ENABLE_MODULES = YES;
				CLANG_ENABLE_OBJC_ARC = YES;
				CLANG_ENABLE_OBJC_WEAK = YES;
				CLANG_WARN_BLOCK_CAPTURE_AUTORELEASING = YES;
				CLANG_WARN_BOOL_CONVERSION = YES;
				CLANG_WARN_COMMA = YES;
				CLANG_WARN_CONSTANT_CONVERSION = YES;
				CLANG_WARN_DEPRECATED_OBJC_IMPLEMENTATIONS = YES;
				CLANG_WARN_DIRECT_OBJC_ISA_USAGE = YES_ERROR;
				CLANG_WARN_DOCUMENTATION_COMMENTS = YES;
				CLANG_WARN_EMPTY_BODY = YES;
				CLANG_WARN_ENUM_CONVERSION = YES;
				CLANG_WARN_INFINITE_RECURSION = YES;
				CLANG_WARN_INT_CONVERSION = YES;
				CLANG_WARN_NON_LITERAL_NULL_CONVERSION = YES;
				CLANG_WARN_OBJC_IMPLICIT_RETAIN_SELF = YES;
				CLANG_WARN_OBJC_LITERAL_CONVERSION = YES;
				CLANG_WARN_OBJC_ROOT_CLASS = YES_ERROR;
				CLANG_WARN_QUOTED_INCLUDE_IN_FRAMEWORK_HEADER = YES;
				CLANG_WARN_RANGE_LOOP_ANALYSIS = YES;
				CLANG_WARN_STRICT_PROTOTYPES = YES;
				CLANG_WARN_SUSPICIOUS_MOVE = YES;
				CLANG_WARN_UNGUARDED_AVAILABILITY = YES_AGGRESSIVE;
				CLANG_WARN_UNREACHABLE_CODE = YES;
				CLANG_WARN__DUPLICATE_METHOD_MATCH = YES;
				COPY_PHASE_STRIP = NO;
				DEBUG_INFORMATION_FORMAT = "dwarf-with-dsym";
				ENABLE_NS_ASSERTIONS = NO;
				ENABLE_STRICT_OBJC_MSGSEND = YES;
				GCC_C_LANGUAGE_STANDARD = gnu11;
				GCC_NO_COMMON_BLOCKS = YES;
				GCC_WARN_64_TO_32_BIT_CONVERSION = YES;
				GCC_WARN_ABOUT_RETURN_TYPE = YES_ERROR;
				GCC_WARN_UNDECLARED_SELECTOR = YES;
				GCC_WARN_UNINITIALIZED_AUTOS = YES_AGGRESSIVE;
				GCC_WARN_UNUSED_FUNCTION = YES;
				GCC_WARN_UNUSED_VARIABLE = YES;
				IPHONEOS_DEPLOYMENT_TARGET = 14.4;
				MTL_ENABLE_DEBUG_INFO = NO;
				MTL_FAST_MATH = YES;
				SDKROOT = iphoneos;
				SWIFT_COMPILATION_MODE = wholemodule;
				SWIFT_OPTIMIZATION_LEVEL = "-O";
				VALIDATE_PRODUCT = YES;
			};
			name = Release;
		};
		B753CF892642F1630057F0F1 /* Debug */ = {
			isa = XCBuildConfiguration;
			baseConfigurationReference = 0CB28A33B9ABCBDC700F1F35 /* Pods-FlickrClient.debug.xcconfig */;
			buildSettings = {
				ASSETCATALOG_COMPILER_APPICON_NAME = AppIcon;
				ASSETCATALOG_COMPILER_GLOBAL_ACCENT_COLOR_NAME = AccentColor;
				CODE_SIGN_STYLE = Automatic;
				DEVELOPMENT_TEAM = 5Y6989TCTS;
				INFOPLIST_FILE = "$(SRCROOT)/FlickrClient/Supporting Files/Info.plist";
				IPHONEOS_DEPLOYMENT_TARGET = 14.1;
				LD_RUNPATH_SEARCH_PATHS = (
					"$(inherited)",
					"@executable_path/Frameworks",
				);
				PRODUCT_BUNDLE_IDENTIFIER = com.lightrid.FlickrClient;
				PRODUCT_NAME = "$(TARGET_NAME)";
				SWIFT_VERSION = 5.0;
				TARGETED_DEVICE_FAMILY = 1;
			};
			name = Debug;
		};
		B753CF8A2642F1630057F0F1 /* Release */ = {
			isa = XCBuildConfiguration;
			baseConfigurationReference = DCAB05EB21572A5C958CF47F /* Pods-FlickrClient.release.xcconfig */;
			buildSettings = {
				ASSETCATALOG_COMPILER_APPICON_NAME = AppIcon;
				ASSETCATALOG_COMPILER_GLOBAL_ACCENT_COLOR_NAME = AccentColor;
				CODE_SIGN_STYLE = Automatic;
				DEVELOPMENT_TEAM = 5Y6989TCTS;
				INFOPLIST_FILE = "$(SRCROOT)/FlickrClient/Supporting Files/Info.plist";
				IPHONEOS_DEPLOYMENT_TARGET = 14.1;
				LD_RUNPATH_SEARCH_PATHS = (
					"$(inherited)",
					"@executable_path/Frameworks",
				);
				PRODUCT_BUNDLE_IDENTIFIER = com.lightrid.FlickrClient;
				PRODUCT_NAME = "$(TARGET_NAME)";
				SWIFT_VERSION = 5.0;
				TARGETED_DEVICE_FAMILY = 1;
			};
			name = Release;
		};
/* End XCBuildConfiguration section */

/* Begin XCConfigurationList section */
		B753CF6F2642F15F0057F0F1 /* Build configuration list for PBXProject "FlickrClient" */ = {
			isa = XCConfigurationList;
			buildConfigurations = (
				B753CF862642F1630057F0F1 /* Debug */,
				B753CF872642F1630057F0F1 /* Release */,
			);
			defaultConfigurationIsVisible = 0;
			defaultConfigurationName = Release;
		};
		B753CF882642F1630057F0F1 /* Build configuration list for PBXNativeTarget "FlickrClient" */ = {
			isa = XCConfigurationList;
			buildConfigurations = (
				B753CF892642F1630057F0F1 /* Debug */,
				B753CF8A2642F1630057F0F1 /* Release */,
			);
			defaultConfigurationIsVisible = 0;
			defaultConfigurationName = Release;
		};
/* End XCConfigurationList section */
	};
	rootObject = B753CF6C2642F15F0057F0F1 /* Project object */;
}
